{
  "version": 4,
  "terraform_version": "1.9.8",
  "serial": 25,
  "lineage": "b4936b26-72f2-abde-d325-53873d26aa0f",
  "outputs": {},
  "resources": [
    {
      "mode": "data",
      "type": "local_file",
      "name": "ssh_public_key",
      "provider": "provider[\"registry.terraform.io/hashicorp/local\"]",
      "instances": [
        {
          "schema_version": 0,
          "attributes": {
            "content": "ssh-ed25519 AAAAC3NzaC1lZDI1NTE5AAAAIFnx/ZGyG6ED/Pe1SUWEDeGhuAl5PV6thdet6Pu9p55z blau@blau-pc\n",
            "content_base64": "c3NoLWVkMjU1MTkgQUFBQUMzTnphQzFsWkRJMU5URTVBQUFBSUZueC9aR3lHNkVEL1BlMVNVV0VEZUdodUFsNVBWNnRoZGV0NlB1OXA1NXogYmxhdUBibGF1LXBjCg==",
            "content_base64sha256": "eBlMLTtST899bP8hRXVTcgwtgzbDCFf5j9/4z2AIUR4=",
            "content_base64sha512": "X2I2bX1n8kROf+1/0fpE/SUlaOd/DcZdODr7d94HN6lFNLDiMlFO9OAS3widNHHtmoALmNEJ+QNPIS5OEXQ4FQ==",
            "content_md5": "24908a7b2a55b85922e5043107dac018",
            "content_sha1": "264fffa995be041cf6773b0cb0226402972300c2",
            "content_sha256": "78194c2d3b524fcf7d6cff21457553720c2d8336c30857f98fdff8cf6008511e",
            "content_sha512": "5f62366d7d67f2444e7fed7fd1fa44fd252568e77f0dc65d383afb77de0737a94534b0e232514ef4e012df089d3471ed9a800b98d109f9034f212e4e11743815",
            "filename": "./intranet.pub",
            "id": "264fffa995be041cf6773b0cb0226402972300c2"
          },
          "sensitive_attributes": []
        }
      ]
    },
    {
      "mode": "managed",
      "type": "proxmox_virtual_environment_download_file",
      "name": "ubuntu_cloud_image",
      "provider": "provider[\"registry.terraform.io/bpg/proxmox\"]",
      "instances": [
        {
          "schema_version": 0,
          "attributes": {
            "checksum": null,
            "checksum_algorithm": null,
            "content_type": "import",
            "datastore_id": "pveFS",
            "decompression_algorithm": null,
            "file_name": "jammy-server-cloudimg-amd64.qcow2",
            "id": "pveFS:import/jammy-server-cloudimg-amd64.qcow2",
            "node_name": "pve4",
            "overwrite": true,
            "overwrite_unmanaged": false,
            "size": 690565632,
            "upload_timeout": 600,
            "url": "https://cloud-images.ubuntu.com/jammy/current/jammy-server-cloudimg-amd64.img",
            "verify": true
          },
          "sensitive_attributes": [],
          "private": "eyJvcmlnaW5hbF9zdGF0ZV9zaXplIjoiTmprd05UWTFOak15In0="
        }
      ]
    },
    {
      "mode": "managed",
      "type": "proxmox_virtual_environment_vm",
      "name": "ubuntu_vm",
      "provider": "provider[\"registry.terraform.io/bpg/proxmox\"]",
      "instances": [
        {
          "schema_version": 0,
          "attributes": {
            "acpi": true,
            "agent": [],
            "amd_sev": [],
            "audio_device": [],
            "bios": "seabios",
            "boot_order": null,
            "cdrom": [],
            "clone": [],
            "cpu": [],
            "description": "",
            "disk": [
              {
                "aio": "io_uring",
                "backup": true,
                "cache": "none",
                "datastore_id": "local-lvm",
                "discard": "on",
                "file_format": "raw",
                "file_id": "",
                "import_from": "pveFS:import/jammy-server-cloudimg-amd64.qcow2",
                "interface": "virtio0",
                "iothread": true,
                "path_in_datastore": "vm-109-disk-0",
                "replicate": true,
                "serial": "",
                "size": 25,
                "speed": [],
                "ssd": false
              }
            ],
            "efi_disk": [],
            "hook_script_file_id": null,
            "hostpci": [],
            "id": "109",
            "initialization": [
              {
                "datastore_id": "local-lvm",
                "dns": [],
                "interface": "ide2",
                "ip_config": [
                  {
                    "ipv4": [
                      {
                        "address": "192.168.1.233/24",
                        "gateway": "192.168.1.1"
                      }
                    ],
                    "ipv6": []
                  }
                ],
                "meta_data_file_id": "",
                "network_data_file_id": "",
                "type": "",
                "user_account": [
                  {
                    "keys": [
                      "ssh-ed25519 AAAAC3NzaC1lZDI1NTE5AAAAIFnx/ZGyG6ED/Pe1SUWEDeGhuAl5PV6thdet6Pu9p55z blau@blau-pc"
                    ],
                    "password": "",
                    "username": "ubuntu"
                  }
                ],
                "user_data_file_id": "",
                "vendor_data_file_id": ""
              }
            ],
            "ipv4_addresses": [],
            "ipv6_addresses": [],
            "keyboard_layout": "en-us",
            "kvm_arguments": "",
            "mac_addresses": [
              "BC:24:11:60:D9:DD"
            ],
            "machine": "",
            "memory": [],
            "migrate": false,
            "name": "test-ubuntu",
            "network_device": [
              {
                "bridge": "vmbr0",
                "disconnected": false,
                "enabled": true,
                "firewall": false,
                "mac_address": "BC:24:11:60:D9:DD",
                "model": "virtio",
                "mtu": 0,
                "queues": 0,
                "rate_limit": 0,
                "trunks": "",
                "vlan_id": 0
              }
            ],
            "network_interface_names": [],
            "node_name": "pve4",
            "numa": [],
            "on_boot": true,
            "operating_system": [],
            "pool_id": "",
            "protection": false,
            "reboot": false,
            "reboot_after_update": true,
            "rng": [],
            "scsi_hardware": "virtio-scsi-pci",
            "serial_device": [],
            "smbios": [],
            "started": true,
            "startup": [],
            "stop_on_destroy": true,
            "tablet_device": true,
            "tags": [],
            "template": false,
            "timeout_clone": 1800,
            "timeout_create": 1800,
            "timeout_migrate": 1800,
            "timeout_move_disk": 1800,
            "timeout_reboot": 1800,
            "timeout_shutdown_vm": 1800,
            "timeout_start_vm": 1800,
            "timeout_stop_vm": 300,
            "tpm_state": [],
            "usb": [],
            "vga": [],
            "virtiofs": [],
            "vm_id": 109,
            "watchdog": []
          },
          "sensitive_attributes": [
            [
              {
                "type": "get_attr",
                "value": "initialization"
              },
              {
                "type": "index",
                "value": {
                  "value": 0,
                  "type": "number"
                }
              },
              {
                "type": "get_attr",
                "value": "user_account"
              },
              {
                "type": "index",
                "value": {
                  "value": 0,
                  "type": "number"
                }
              },
              {
                "type": "get_attr",
                "value": "password"
              }
            ]
          ],
          "private": "bnVsbA==",
          "dependencies": [
            "data.local_file.ssh_public_key",
            "proxmox_virtual_environment_download_file.ubuntu_cloud_image"
          ]
        }
      ]
    }
  ],
  "check_results": null
}
